# THIS IS AN AUTOGENERATED FILE. DO NOT EDIT THIS FILE DIRECTLY.
# yarn lockfile v1


"@polymer/lit-element@^0.5.2":
  version "0.5.2"
  resolved "https://registry.yarnpkg.com/@polymer/lit-element/-/lit-element-0.5.2.tgz#8d4e2d1ada27cf0f1a38b7b0eb9fadae92eb63df"
  dependencies:
    "@polymer/polymer" "^3.0.2"
    lit-html "^0.10.0"

"@polymer/polymer@^3.0.2":
  version "3.0.2"
  resolved "https://registry.yarnpkg.com/@polymer/polymer/-/polymer-3.0.2.tgz#626e6f9fae9716b0962ce0211e21df242153eab2"
  dependencies:
    "@webcomponents/shadycss" "^1.2.0"

"@webcomponents/shadycss@^1.2.0":
  version "1.3.1"
  resolved "https://registry.yarnpkg.com/@webcomponents/shadycss/-/shadycss-1.3.1.tgz#9320a7a86c8abfec97d41a41e82691a0dfc3a13a"

"@webcomponents/webcomponentsjs@^2.0.2":
  version "2.0.2"
  resolved "https://registry.yarnpkg.com/@webcomponents/webcomponentsjs/-/webcomponentsjs-2.0.2.tgz#35272bcedfab0cba6778707e76f0191d12deb9f6"

lit-html@^0.10.0:
  version "0.10.2"
  resolved "https://registry.yarnpkg.com/lit-html/-/lit-html-0.10.2.tgz#53c846afcf91bb1e6623179ef22e327ab8ac0e0e"
