# THIS IS AN AUTOGENERATED FILE. DO NOT EDIT THIS FILE DIRECTLY.
# yarn lockfile v1


"@material/animation@^0.34.0":
  version "0.34.0"
  resolved "https://registry.yarnpkg.com/@material/animation/-/animation-0.34.0.tgz#a99cc9dabf7d0179b4da9a0aaa1575c4d1513823"

"@material/base@^0.35.0":
  version "0.35.0"
  resolved "https://registry.yarnpkg.com/@material/base/-/base-0.35.0.tgz#8640c2da385e8cc393ff56153c5a319f5a7704cb"

"@material/card@0.37.1":
  version "0.37.1"
  resolved "https://registry.yarnpkg.com/@material/card/-/card-0.37.1.tgz#6c5a56814cacbf4ab3b09b5aea030cf22857646f"
  dependencies:
    "@material/elevation" "^0.36.1"
    "@material/ripple" "^0.37.1"
    "@material/rtl" "^0.36.0"
    "@material/theme" "^0.35.0"

"@material/elevation@^0.36.1":
  version "0.36.1"
  resolved "https://registry.yarnpkg.com/@material/elevation/-/elevation-0.36.1.tgz#663a527ad2a0b2bcf0cd67835ec6fe8e8f6609da"
  dependencies:
    "@material/animation" "^0.34.0"
    "@material/theme" "^0.35.0"

"@material/ripple@^0.37.1":
  version "0.37.1"
  resolved "https://registry.yarnpkg.com/@material/ripple/-/ripple-0.37.1.tgz#7bfe43036c2a9066f5083ba2ac5b952d96be16a4"
  dependencies:
    "@material/animation" "^0.34.0"
    "@material/base" "^0.35.0"
    "@material/theme" "^0.35.0"

"@material/rtl@^0.36.0":
  version "0.36.0"
  resolved "https://registry.yarnpkg.com/@material/rtl/-/rtl-0.36.0.tgz#a81b587981dc6e09f51e26da8a7447f89358ccd5"

"@material/theme@^0.35.0":
  version "0.35.0"
  resolved "https://registry.yarnpkg.com/@material/theme/-/theme-0.35.0.tgz#a2c76f60b82a53d399b769ef91ec52e83ad3c3bd"

"@polymer/lit-element@^0.5.2":
  version "0.5.2"
  resolved "https://registry.yarnpkg.com/@polymer/lit-element/-/lit-element-0.5.2.tgz#8d4e2d1ada27cf0f1a38b7b0eb9fadae92eb63df"
  dependencies:
    "@polymer/polymer" "^3.0.2"
    lit-html "^0.10.0"

"@polymer/polymer@^3.0.2":
  version "3.0.2"
  resolved "https://registry.yarnpkg.com/@polymer/polymer/-/polymer-3.0.2.tgz#626e6f9fae9716b0962ce0211e21df242153eab2"
  dependencies:
    "@webcomponents/shadycss" "^1.2.0"

"@webcomponents/shadycss@^1.2.0":
  version "1.3.1"
  resolved "https://registry.yarnpkg.com/@webcomponents/shadycss/-/shadycss-1.3.1.tgz#9320a7a86c8abfec97d41a41e82691a0dfc3a13a"

"@webcomponents/webcomponentsjs@^2.0.2":
  version "2.0.2"
  resolved "https://registry.yarnpkg.com/@webcomponents/webcomponentsjs/-/webcomponentsjs-2.0.2.tgz#35272bcedfab0cba6778707e76f0191d12deb9f6"

lit-html@^0.10.0:
  version "0.10.2"
  resolved "https://registry.yarnpkg.com/lit-html/-/lit-html-0.10.2.tgz#53c846afcf91bb1e6623179ef22e327ab8ac0e0e"
